
Microsoft Visual Studio Solution File, Format Version 12.00
# Visual Studio Version 17
VisualStudioVersion = 17.0.31903.59
MinimumVisualStudioVersion = 10.0.40219.1
Project("{9A19103F-16F7-4668-BE54-9A1E7A4F7556}") = "CI-platform", "CI-platform\CI-platform.csproj", "{B174D4C9-1E3C-41B6-9741-99A8A9B0A3E4}"
EndProject
Project("{FAE04EC0-301F-11D3-BF4B-00C04F79EFBC}") = "CiPlatform.Entities", "CiPlatform.Entities\CiPlatform.Entities.csproj", "{0C6111A9-EB89-4C12-83B0-864173A69009}"
EndProject
Project("{FAE04EC0-301F-11D3-BF4B-00C04F79EFBC}") = "CiPlatform.Repository", "CiPlatform.Repository\CiPlatform.Repository.csproj", "{0F1F52A8-6186-48DE-B61A-FD29F6E0CD5C}"
EndProject
Global
	GlobalSection(SolutionConfigurationPlatforms) = preSolution
		Debug|Any CPU = Debug|Any CPU
		Release|Any CPU = Release|Any CPU
	EndGlobalSection
	GlobalSection(ProjectConfigurationPlatforms) = postSolution
		{B174D4C9-1E3C-41B6-9741-99A8A9B0A3E4}.Debug|Any CPU.ActiveCfg = Debug|Any CPU
		{B174D4C9-1E3C-41B6-9741-99A8A9B0A3E4}.Debug|Any CPU.Build.0 = Debug|Any CPU
		{B174D4C9-1E3C-41B6-9741-99A8A9B0A3E4}.Release|Any CPU.ActiveCfg = Release|Any CPU
		{B174D4C9-1E3C-41B6-9741-99A8A9B0A3E4}.Release|Any CPU.Build.0 = Release|Any CPU
		{0C6111A9-EB89-4C12-83B0-864173A69009}.Debug|Any CPU.ActiveCfg = Debug|Any CPU
		{0C6111A9-EB89-4C12-83B0-864173A69009}.Debug|Any CPU.Build.0 = Debug|Any CPU
		{0C6111A9-EB89-4C12-83B0-864173A69009}.Release|Any CPU.ActiveCfg = Release|Any CPU
		{0C6111A9-EB89-4C12-83B0-864173A69009}.Release|Any CPU.Build.0 = Release|Any CPU
		{0F1F52A8-6186-48DE-B61A-FD29F6E0CD5C}.Debug|Any CPU.ActiveCfg = Debug|Any CPU
		{0F1F52A8-6186-48DE-B61A-FD29F6E0CD5C}.Debug|Any CPU.Build.0 = Debug|Any CPU
		{0F1F52A8-6186-48DE-B61A-FD29F6E0CD5C}.Release|Any CPU.ActiveCfg = Release|Any CPU
		{0F1F52A8-6186-48DE-B61A-FD29F6E0CD5C}.Release|Any CPU.Build.0 = Release|Any CPU
	EndGlobalSection
	GlobalSection(SolutionProperties) = preSolution
		HideSolutionNode = FALSE
	EndGlobalSection
	GlobalSection(ExtensibilityGlobals) = postSolution
		SolutionGuid = {61B7A356-E588-439A-BDC4-3868D7205A59}
	EndGlobalSection
EndGlobal
